
Microsoft Visual Studio Solution File, Format Version 12.00
# Visual Studio Version 17
VisualStudioVersion = 17.4.33205.214
MinimumVisualStudioVersion = 10.0.40219.1
Project("{FAE04EC0-301F-11D3-BF4B-00C04F79EFBC}") = "laboratorio1", "laboratorio1\laboratorio1.csproj", "{440B3A19-4765-4079-BC2C-CE4A1B5DFB7B}"
EndProject
Global
	GlobalSection(SolutionConfigurationPlatforms) = preSolution
		Debug|Any CPU = Debug|Any CPU
		Release|Any CPU = Release|Any CPU
	EndGlobalSection
	GlobalSection(ProjectConfigurationPlatforms) = postSolution
		{440B3A19-4765-4079-BC2C-CE4A1B5DFB7B}.Debug|Any CPU.ActiveCfg = Debug|Any CPU
		{440B3A19-4765-4079-BC2C-CE4A1B5DFB7B}.Debug|Any CPU.Build.0 = Debug|Any CPU
		{440B3A19-4765-4079-BC2C-CE4A1B5DFB7B}.Release|Any CPU.ActiveCfg = Release|Any CPU
		{440B3A19-4765-4079-BC2C-CE4A1B5DFB7B}.Release|Any CPU.Build.0 = Release|Any CPU
	EndGlobalSection
	GlobalSection(SolutionProperties) = preSolution
		HideSolutionNode = FALSE
	EndGlobalSection
	GlobalSection(ExtensibilityGlobals) = postSolution
		SolutionGuid = {F82994DB-A15E-47D6-BE24-BFA6C4449FE5}
	EndGlobalSection
EndGlobal
