
Microsoft Visual Studio Solution File, Format Version 12.00
# Visual Studio Version 17
VisualStudioVersion = 17.4.33122.133
MinimumVisualStudioVersion = 10.0.40219.1
Project("{FAE04EC0-301F-11D3-BF4B-00C04F79EFBC}") = "laboratorioN2", "laboratorioN2\laboratorioN2.csproj", "{781C1683-1D27-425F-9510-198384639A02}"
EndProject
Global
	GlobalSection(SolutionConfigurationPlatforms) = preSolution
		Debug|Any CPU = Debug|Any CPU
		Release|Any CPU = Release|Any CPU
	EndGlobalSection
	GlobalSection(ProjectConfigurationPlatforms) = postSolution
		{781C1683-1D27-425F-9510-198384639A02}.Debug|Any CPU.ActiveCfg = Debug|Any CPU
		{781C1683-1D27-425F-9510-198384639A02}.Debug|Any CPU.Build.0 = Debug|Any CPU
		{781C1683-1D27-425F-9510-198384639A02}.Release|Any CPU.ActiveCfg = Release|Any CPU
		{781C1683-1D27-425F-9510-198384639A02}.Release|Any CPU.Build.0 = Release|Any CPU
	EndGlobalSection
	GlobalSection(SolutionProperties) = preSolution
		HideSolutionNode = FALSE
	EndGlobalSection
	GlobalSection(ExtensibilityGlobals) = postSolution
		SolutionGuid = {BAF986A7-56D1-4A58-940F-D1892ED7A783}
	EndGlobalSection
EndGlobal
